
Microsoft Visual Studio Solution File, Format Version 12.00
# Visual Studio Version 17
VisualStudioVersion = 17.10.35027.167
MinimumVisualStudioVersion = 10.0.40219.1
Project("{9A19103F-16F7-4668-BE54-9A1E7A4F7556}") = "PIMS.Api", "PIMS.Api.csproj", "{A83F7CEC-B61E-4199-8C47-1B60F20D6272}"
	ProjectSection(ProjectDependencies) = postProject
		{A44905F5-CFD7-46F8-91EC-BE2BBA8511B4} = {A44905F5-CFD7-46F8-91EC-BE2BBA8511B4}
	EndProjectSection
EndProject
Project("{9A19103F-16F7-4668-BE54-9A1E7A4F7556}") = "PIMS.EntityFramework", "..\PIMS.EntityFramework\PIMS.EntityFramework.csproj", "{7A8D8227-0696-4E62-A28B-543B0F8F053B}"
EndProject
Project("{9A19103F-16F7-4668-BE54-9A1E7A4F7556}") = "PIMS.Model", "..\PIMS.Model\PIMS.Model.csproj", "{A44905F5-CFD7-46F8-91EC-BE2BBA8511B4}"
EndProject
Project("{9A19103F-16F7-4668-BE54-9A1E7A4F7556}") = "PIMS.Service", "..\PIMS.Service\PIMS.Service.csproj", "{5BBF1AE7-543F-465C-8496-BAAA05353489}"
	ProjectSection(ProjectDependencies) = postProject
		{A44905F5-CFD7-46F8-91EC-BE2BBA8511B4} = {A44905F5-CFD7-46F8-91EC-BE2BBA8511B4}
	EndProjectSection
EndProject
Global
	GlobalSection(SolutionConfigurationPlatforms) = preSolution
		Debug|Any CPU = Debug|Any CPU
		Release|Any CPU = Release|Any CPU
	EndGlobalSection
	GlobalSection(ProjectConfigurationPlatforms) = postSolution
		{A83F7CEC-B61E-4199-8C47-1B60F20D6272}.Debug|Any CPU.ActiveCfg = Debug|Any CPU
		{A83F7CEC-B61E-4199-8C47-1B60F20D6272}.Debug|Any CPU.Build.0 = Debug|Any CPU
		{A83F7CEC-B61E-4199-8C47-1B60F20D6272}.Release|Any CPU.ActiveCfg = Release|Any CPU
		{A83F7CEC-B61E-4199-8C47-1B60F20D6272}.Release|Any CPU.Build.0 = Release|Any CPU
		{7A8D8227-0696-4E62-A28B-543B0F8F053B}.Debug|Any CPU.ActiveCfg = Debug|Any CPU
		{7A8D8227-0696-4E62-A28B-543B0F8F053B}.Debug|Any CPU.Build.0 = Debug|Any CPU
		{7A8D8227-0696-4E62-A28B-543B0F8F053B}.Release|Any CPU.ActiveCfg = Release|Any CPU
		{7A8D8227-0696-4E62-A28B-543B0F8F053B}.Release|Any CPU.Build.0 = Release|Any CPU
		{A44905F5-CFD7-46F8-91EC-BE2BBA8511B4}.Debug|Any CPU.ActiveCfg = Debug|Any CPU
		{A44905F5-CFD7-46F8-91EC-BE2BBA8511B4}.Debug|Any CPU.Build.0 = Debug|Any CPU
		{A44905F5-CFD7-46F8-91EC-BE2BBA8511B4}.Release|Any CPU.ActiveCfg = Release|Any CPU
		{A44905F5-CFD7-46F8-91EC-BE2BBA8511B4}.Release|Any CPU.Build.0 = Release|Any CPU
		{5BBF1AE7-543F-465C-8496-BAAA05353489}.Debug|Any CPU.ActiveCfg = Debug|Any CPU
		{5BBF1AE7-543F-465C-8496-BAAA05353489}.Debug|Any CPU.Build.0 = Debug|Any CPU
		{5BBF1AE7-543F-465C-8496-BAAA05353489}.Release|Any CPU.ActiveCfg = Release|Any CPU
		{5BBF1AE7-543F-465C-8496-BAAA05353489}.Release|Any CPU.Build.0 = Release|Any CPU
	EndGlobalSection
	GlobalSection(SolutionProperties) = preSolution
		HideSolutionNode = FALSE
	EndGlobalSection
	GlobalSection(ExtensibilityGlobals) = postSolution
		SolutionGuid = {7C746750-1059-45B0-AF9F-8BDB7F4836B1}
	EndGlobalSection
EndGlobal
